// !$*UTF8*$!
{
	archiveVersion = 1;
	classes = {
	};
	objectVersion = 56;
	objects = {

/* Begin PBXBuildFile section */
		4B3913BA2ADE007D00ADE9BC /* UIFont+Roboto.swift in Sources */ = {isa = PBXBuildFile; fileRef = 4B3913B92ADE007D00ADE9BC /* UIFont+Roboto.swift */; };
		4B3913BC2ADE0E4A00ADE9BC /* ThemeColor.swift in Sources */ = {isa = PBXBuildFile; fileRef = 4B3913BB2ADE0E4A00ADE9BC /* ThemeColor.swift */; };
		4B3913BE2ADE0EA100ADE9BC /* NoteContent.swift in Sources */ = {isa = PBXBuildFile; fileRef = 4B3913BD2ADE0EA100ADE9BC /* NoteContent.swift */; };
		4B3913C02ADE127C00ADE9BC /* Folder.swift in Sources */ = {isa = PBXBuildFile; fileRef = 4B3913BF2ADE127C00ADE9BC /* Folder.swift */; };
		4B3913C52ADE154000ADE9BC /* FolderViewModel.swift in Sources */ = {isa = PBXBuildFile; fileRef = 4B3913C42ADE154000ADE9BC /* FolderViewModel.swift */; };
		4B3913C72ADE155C00ADE9BC /* FolderView.swift in Sources */ = {isa = PBXBuildFile; fileRef = 4B3913C62ADE155C00ADE9BC /* FolderView.swift */; };
		4B3913CC2ADEA17600ADE9BC /* View+isHidden.swift in Sources */ = {isa = PBXBuildFile; fileRef = 4B3913CB2ADEA17600ADE9BC /* View+isHidden.swift */; };
		4BBA10812AD65BE3001D09F0 /* SearchTextField.swift in Sources */ = {isa = PBXBuildFile; fileRef = 4BBA10802AD65BE3001D09F0 /* SearchTextField.swift */; };
		4BBA10842AD65D36001D09F0 /* RecentNoteCard.swift in Sources */ = {isa = PBXBuildFile; fileRef = 4BBA10832AD65D36001D09F0 /* RecentNoteCard.swift */; };
		4BBA10872AD65EED001D09F0 /* ScaledButtonStyle.swift in Sources */ = {isa = PBXBuildFile; fileRef = 4BBA10862AD65EED001D09F0 /* ScaledButtonStyle.swift */; };
		4BBA10892AD66641001D09F0 /* FolderCard.swift in Sources */ = {isa = PBXBuildFile; fileRef = 4BBA10882AD66641001D09F0 /* FolderCard.swift */; };
		4BBA108C2AD66887001D09F0 /* EmojiPicker.swift in Sources */ = {isa = PBXBuildFile; fileRef = 4BBA108B2AD66887001D09F0 /* EmojiPicker.swift */; };
		4BBA108F2AD679C6001D09F0 /* Note.swift in Sources */ = {isa = PBXBuildFile; fileRef = 4BBA108E2AD679C6001D09F0 /* Note.swift */; };
		4BBA10912AD67D62001D09F0 /* Image+Default.swift in Sources */ = {isa = PBXBuildFile; fileRef = 4BBA10902AD67D62001D09F0 /* Image+Default.swift */; };
		4BBA10962AD67FBB001D09F0 /* NoteViewModel.swift in Sources */ = {isa = PBXBuildFile; fileRef = 4BBA10952AD67FBB001D09F0 /* NoteViewModel.swift */; };
		4BBA10982AD68003001D09F0 /* NoteView.swift in Sources */ = {isa = PBXBuildFile; fileRef = 4BBA10972AD68003001D09F0 /* NoteView.swift */; };
		4BBA109A2AD6A4DE001D09F0 /* MultilineTextField.swift in Sources */ = {isa = PBXBuildFile; fileRef = 4BBA10992AD6A4DE001D09F0 /* MultilineTextField.swift */; };
		4BD12A6C2AD2BFC30086910F /* MeMoApp.swift in Sources */ = {isa = PBXBuildFile; fileRef = 4BD12A6B2AD2BFC30086910F /* MeMoApp.swift */; };
		4BD12A6E2AD2BFC30086910F /* ContentView.swift in Sources */ = {isa = PBXBuildFile; fileRef = 4BD12A6D2AD2BFC30086910F /* ContentView.swift */; };
		4BD12A702AD2BFC40086910F /* Assets.xcassets in Resources */ = {isa = PBXBuildFile; fileRef = 4BD12A6F2AD2BFC40086910F /* Assets.xcassets */; };
		4BD12A732AD2BFC40086910F /* Preview Assets.xcassets in Resources */ = {isa = PBXBuildFile; fileRef = 4BD12A722AD2BFC40086910F /* Preview Assets.xcassets */; };
		4BD12A752AD2BFC40086910F /* Persistence.swift in Sources */ = {isa = PBXBuildFile; fileRef = 4BD12A742AD2BFC40086910F /* Persistence.swift */; };
		4BD12A782AD2BFC40086910F /* MeMo.xcdatamodeld in Sources */ = {isa = PBXBuildFile; fileRef = 4BD12A762AD2BFC40086910F /* MeMo.xcdatamodeld */; };
		4BD12A842AD2BFC40086910F /* MeMoTests.swift in Sources */ = {isa = PBXBuildFile; fileRef = 4BD12A832AD2BFC40086910F /* MeMoTests.swift */; };
		4BD12A8E2AD2BFC40086910F /* MeMoUITests.swift in Sources */ = {isa = PBXBuildFile; fileRef = 4BD12A8D2AD2BFC40086910F /* MeMoUITests.swift */; };
		4BD12A902AD2BFC40086910F /* MeMoUITestsLaunchTests.swift in Sources */ = {isa = PBXBuildFile; fileRef = 4BD12A8F2AD2BFC40086910F /* MeMoUITestsLaunchTests.swift */; };
		4BD12AA42AD2C1D50086910F /* AppNavigator.swift in Sources */ = {isa = PBXBuildFile; fileRef = 4BD12AA32AD2C1D50086910F /* AppNavigator.swift */; };
		4BD12AA82AD2C6D60086910F /* Optional+defaultValue.swift in Sources */ = {isa = PBXBuildFile; fileRef = 4BD12AA72AD2C6D60086910F /* Optional+defaultValue.swift */; };
		4BD12AAB2AD2C7370086910F /* Encodable+toJSON.swift in Sources */ = {isa = PBXBuildFile; fileRef = 4BD12AAA2AD2C7370086910F /* Encodable+toJSON.swift */; };
		4BD12AAF2AD2CAB20086910F /* Localizable.xcstrings in Resources */ = {isa = PBXBuildFile; fileRef = 4BD12AAE2AD2CAB20086910F /* Localizable.xcstrings */; };
		4BD12AB12AD2CC380086910F /* LocalizedText.swift in Sources */ = {isa = PBXBuildFile; fileRef = 4BD12AB02AD2CC380086910F /* LocalizedText.swift */; };
		4BD12AB72AD2D1BF0086910F /* Roboto-Medium.ttf in Resources */ = {isa = PBXBuildFile; fileRef = 4BD12AB42AD2D1BE0086910F /* Roboto-Medium.ttf */; };
		4BD12AB82AD2D1BF0086910F /* Roboto-Regular.ttf in Resources */ = {isa = PBXBuildFile; fileRef = 4BD12AB52AD2D1BF0086910F /* Roboto-Regular.ttf */; };
		4BD12AB92AD2D1BF0086910F /* Roboto-Bold.ttf in Resources */ = {isa = PBXBuildFile; fileRef = 4BD12AB62AD2D1BF0086910F /* Roboto-Bold.ttf */; };
		4BD12ABB2AD2D2820086910F /* Font+Roboto.swift in Sources */ = {isa = PBXBuildFile; fileRef = 4BD12ABA2AD2D2820086910F /* Font+Roboto.swift */; };
		4BD12ABE2AD2D5000086910F /* Color.xcassets in Resources */ = {isa = PBXBuildFile; fileRef = 4BD12ABD2AD2D5000086910F /* Color.xcassets */; };
		4BD12AC02AD2D8690086910F /* Color+Default.swift in Sources */ = {isa = PBXBuildFile; fileRef = 4BD12ABF2AD2D8690086910F /* Color+Default.swift */; };
		4BD12AC52AD2DD0C0086910F /* HomeView.swift in Sources */ = {isa = PBXBuildFile; fileRef = 4BD12AC42AD2DD0C0086910F /* HomeView.swift */; };
		4BD12AC72AD2DD310086910F /* HomeViewModel.swift in Sources */ = {isa = PBXBuildFile; fileRef = 4BD12AC62AD2DD310086910F /* HomeViewModel.swift */; };
/* End PBXBuildFile section */

/* Begin PBXContainerItemProxy section */
		4BD12A802AD2BFC40086910F /* PBXContainerItemProxy */ = {
			isa = PBXContainerItemProxy;
			containerPortal = 4BD12A602AD2BFC30086910F /* Project object */;
			proxyType = 1;
			remoteGlobalIDString = 4BD12A672AD2BFC30086910F;
			remoteInfo = MeMo;
		};
		4BD12A8A2AD2BFC40086910F /* PBXContainerItemProxy */ = {
			isa = PBXContainerItemProxy;
			containerPortal = 4BD12A602AD2BFC30086910F /* Project object */;
			proxyType = 1;
			remoteGlobalIDString = 4BD12A672AD2BFC30086910F;
			remoteInfo = MeMo;
		};
/* End PBXContainerItemProxy section */

/* Begin PBXFileReference section */
		4B3913B92ADE007D00ADE9BC /* UIFont+Roboto.swift */ = {isa = PBXFileReference; lastKnownFileType = sourcecode.swift; path = "UIFont+Roboto.swift"; sourceTree = "<group>"; };
		4B3913BB2ADE0E4A00ADE9BC /* ThemeColor.swift */ = {isa = PBXFileReference; lastKnownFileType = sourcecode.swift; path = ThemeColor.swift; sourceTree = "<group>"; };
		4B3913BD2ADE0EA100ADE9BC /* NoteContent.swift */ = {isa = PBXFileReference; lastKnownFileType = sourcecode.swift; path = NoteContent.swift; sourceTree = "<group>"; };
		4B3913BF2ADE127C00ADE9BC /* Folder.swift */ = {isa = PBXFileReference; lastKnownFileType = sourcecode.swift; path = Folder.swift; sourceTree = "<group>"; };
		4B3913C42ADE154000ADE9BC /* FolderViewModel.swift */ = {isa = PBXFileReference; lastKnownFileType = sourcecode.swift; path = FolderViewModel.swift; sourceTree = "<group>"; };
		4B3913C62ADE155C00ADE9BC /* FolderView.swift */ = {isa = PBXFileReference; lastKnownFileType = sourcecode.swift; path = FolderView.swift; sourceTree = "<group>"; };
		4B3913CB2ADEA17600ADE9BC /* View+isHidden.swift */ = {isa = PBXFileReference; lastKnownFileType = sourcecode.swift; path = "View+isHidden.swift"; sourceTree = "<group>"; };
		4BBA10802AD65BE3001D09F0 /* SearchTextField.swift */ = {isa = PBXFileReference; lastKnownFileType = sourcecode.swift; path = SearchTextField.swift; sourceTree = "<group>"; };
		4BBA10832AD65D36001D09F0 /* RecentNoteCard.swift */ = {isa = PBXFileReference; lastKnownFileType = sourcecode.swift; path = RecentNoteCard.swift; sourceTree = "<group>"; };
		4BBA10862AD65EED001D09F0 /* ScaledButtonStyle.swift */ = {isa = PBXFileReference; lastKnownFileType = sourcecode.swift; path = ScaledButtonStyle.swift; sourceTree = "<group>"; };
		4BBA10882AD66641001D09F0 /* FolderCard.swift */ = {isa = PBXFileReference; lastKnownFileType = sourcecode.swift; path = FolderCard.swift; sourceTree = "<group>"; };
		4BBA108B2AD66887001D09F0 /* EmojiPicker.swift */ = {isa = PBXFileReference; lastKnownFileType = sourcecode.swift; path = EmojiPicker.swift; sourceTree = "<group>"; };
		4BBA108E2AD679C6001D09F0 /* Note.swift */ = {isa = PBXFileReference; lastKnownFileType = sourcecode.swift; path = Note.swift; sourceTree = "<group>"; };
		4BBA10902AD67D62001D09F0 /* Image+Default.swift */ = {isa = PBXFileReference; lastKnownFileType = sourcecode.swift; path = "Image+Default.swift"; sourceTree = "<group>"; };
		4BBA10952AD67FBB001D09F0 /* NoteViewModel.swift */ = {isa = PBXFileReference; lastKnownFileType = sourcecode.swift; path = NoteViewModel.swift; sourceTree = "<group>"; };
		4BBA10972AD68003001D09F0 /* NoteView.swift */ = {isa = PBXFileReference; lastKnownFileType = sourcecode.swift; path = NoteView.swift; sourceTree = "<group>"; };
		4BBA10992AD6A4DE001D09F0 /* MultilineTextField.swift */ = {isa = PBXFileReference; lastKnownFileType = sourcecode.swift; path = MultilineTextField.swift; sourceTree = "<group>"; };
		4BD12A682AD2BFC30086910F /* MeMo.app */ = {isa = PBXFileReference; explicitFileType = wrapper.application; includeInIndex = 0; path = MeMo.app; sourceTree = BUILT_PRODUCTS_DIR; };
		4BD12A6B2AD2BFC30086910F /* MeMoApp.swift */ = {isa = PBXFileReference; lastKnownFileType = sourcecode.swift; path = MeMoApp.swift; sourceTree = "<group>"; };
		4BD12A6D2AD2BFC30086910F /* ContentView.swift */ = {isa = PBXFileReference; lastKnownFileType = sourcecode.swift; path = ContentView.swift; sourceTree = "<group>"; };
		4BD12A6F2AD2BFC40086910F /* Assets.xcassets */ = {isa = PBXFileReference; lastKnownFileType = folder.assetcatalog; path = Assets.xcassets; sourceTree = "<group>"; };
		4BD12A722AD2BFC40086910F /* Preview Assets.xcassets */ = {isa = PBXFileReference; lastKnownFileType = folder.assetcatalog; path = "Preview Assets.xcassets"; sourceTree = "<group>"; };
		4BD12A742AD2BFC40086910F /* Persistence.swift */ = {isa = PBXFileReference; lastKnownFileType = sourcecode.swift; path = Persistence.swift; sourceTree = "<group>"; };
		4BD12A772AD2BFC40086910F /* MeMo.xcdatamodel */ = {isa = PBXFileReference; lastKnownFileType = wrapper.xcdatamodel; path = MeMo.xcdatamodel; sourceTree = "<group>"; };
		4BD12A792AD2BFC40086910F /* MeMo.entitlements */ = {isa = PBXFileReference; lastKnownFileType = text.plist.entitlements; path = MeMo.entitlements; sourceTree = "<group>"; };
		4BD12A7A2AD2BFC40086910F /* Info.plist */ = {isa = PBXFileReference; lastKnownFileType = text.plist.xml; path = Info.plist; sourceTree = "<group>"; };
		4BD12A7F2AD2BFC40086910F /* MeMoTests.xctest */ = {isa = PBXFileReference; explicitFileType = wrapper.cfbundle; includeInIndex = 0; path = MeMoTests.xctest; sourceTree = BUILT_PRODUCTS_DIR; };
		4BD12A832AD2BFC40086910F /* MeMoTests.swift */ = {isa = PBXFileReference; lastKnownFileType = sourcecode.swift; path = MeMoTests.swift; sourceTree = "<group>"; };
		4BD12A892AD2BFC40086910F /* MeMoUITests.xctest */ = {isa = PBXFileReference; explicitFileType = wrapper.cfbundle; includeInIndex = 0; path = MeMoUITests.xctest; sourceTree = BUILT_PRODUCTS_DIR; };
		4BD12A8D2AD2BFC40086910F /* MeMoUITests.swift */ = {isa = PBXFileReference; lastKnownFileType = sourcecode.swift; path = MeMoUITests.swift; sourceTree = "<group>"; };
		4BD12A8F2AD2BFC40086910F /* MeMoUITestsLaunchTests.swift */ = {isa = PBXFileReference; lastKnownFileType = sourcecode.swift; path = MeMoUITestsLaunchTests.swift; sourceTree = "<group>"; };
		4BD12AA32AD2C1D50086910F /* AppNavigator.swift */ = {isa = PBXFileReference; lastKnownFileType = sourcecode.swift; path = AppNavigator.swift; sourceTree = "<group>"; };
		4BD12AA72AD2C6D60086910F /* Optional+defaultValue.swift */ = {isa = PBXFileReference; lastKnownFileType = sourcecode.swift; path = "Optional+defaultValue.swift"; sourceTree = "<group>"; };
		4BD12AAA2AD2C7370086910F /* Encodable+toJSON.swift */ = {isa = PBXFileReference; lastKnownFileType = sourcecode.swift; path = "Encodable+toJSON.swift"; sourceTree = "<group>"; };
		4BD12AAE2AD2CAB20086910F /* Localizable.xcstrings */ = {isa = PBXFileReference; lastKnownFileType = text.json.xcstrings; path = Localizable.xcstrings; sourceTree = "<group>"; };
		4BD12AB02AD2CC380086910F /* LocalizedText.swift */ = {isa = PBXFileReference; lastKnownFileType = sourcecode.swift; path = LocalizedText.swift; sourceTree = "<group>"; };
		4BD12AB42AD2D1BE0086910F /* Roboto-Medium.ttf */ = {isa = PBXFileReference; lastKnownFileType = file; path = "Roboto-Medium.ttf"; sourceTree = "<group>"; };
		4BD12AB52AD2D1BF0086910F /* Roboto-Regular.ttf */ = {isa = PBXFileReference; lastKnownFileType = file; path = "Roboto-Regular.ttf"; sourceTree = "<group>"; };
		4BD12AB62AD2D1BF0086910F /* Roboto-Bold.ttf */ = {isa = PBXFileReference; lastKnownFileType = file; path = "Roboto-Bold.ttf"; sourceTree = "<group>"; };
		4BD12ABA2AD2D2820086910F /* Font+Roboto.swift */ = {isa = PBXFileReference; lastKnownFileType = sourcecode.swift; path = "Font+Roboto.swift"; sourceTree = "<group>"; };
		4BD12ABD2AD2D5000086910F /* Color.xcassets */ = {isa = PBXFileReference; lastKnownFileType = folder.assetcatalog; path = Color.xcassets; sourceTree = "<group>"; };
		4BD12ABF2AD2D8690086910F /* Color+Default.swift */ = {isa = PBXFileReference; lastKnownFileType = sourcecode.swift; path = "Color+Default.swift"; sourceTree = "<group>"; };
		4BD12AC42AD2DD0C0086910F /* HomeView.swift */ = {isa = PBXFileReference; lastKnownFileType = sourcecode.swift; path = HomeView.swift; sourceTree = "<group>"; };
		4BD12AC62AD2DD310086910F /* HomeViewModel.swift */ = {isa = PBXFileReference; lastKnownFileType = sourcecode.swift; path = HomeViewModel.swift; sourceTree = "<group>"; };
/* End PBXFileReference section */

/* Begin PBXFrameworksBuildPhase section */
		4BD12A652AD2BFC30086910F /* Frameworks */ = {
			isa = PBXFrameworksBuildPhase;
			buildActionMask = 2147483647;
			files = (
			);
			runOnlyForDeploymentPostprocessing = 0;
		};
		4BD12A7C2AD2BFC40086910F /* Frameworks */ = {
			isa = PBXFrameworksBuildPhase;
			buildActionMask = 2147483647;
			files = (
			);
			runOnlyForDeploymentPostprocessing = 0;
		};
		4BD12A862AD2BFC40086910F /* Frameworks */ = {
			isa = PBXFrameworksBuildPhase;
			buildActionMask = 2147483647;
			files = (
			);
			runOnlyForDeploymentPostprocessing = 0;
		};
/* End PBXFrameworksBuildPhase section */

/* Begin PBXGroup section */
		4B3913C12ADE150700ADE9BC /* Folder */ = {
			isa = PBXGroup;
			children = (
				4B3913C32ADE151B00ADE9BC /* View */,
				4B3913C22ADE151200ADE9BC /* ViewModel */,
			);
			path = Folder;
			sourceTree = "<group>";
		};
		4B3913C22ADE151200ADE9BC /* ViewModel */ = {
			isa = PBXGroup;
			children = (
				4B3913C42ADE154000ADE9BC /* FolderViewModel.swift */,
			);
			path = ViewModel;
			sourceTree = "<group>";
		};
		4B3913C32ADE151B00ADE9BC /* View */ = {
			isa = PBXGroup;
			children = (
				4B3913C62ADE155C00ADE9BC /* FolderView.swift */,
			);
			path = View;
			sourceTree = "<group>";
		};
		4B3913CA2ADEA16700ADE9BC /* View */ = {
			isa = PBXGroup;
			children = (
				4B3913CB2ADEA17600ADE9BC /* View+isHidden.swift */,
			);
			path = View;
			sourceTree = "<group>";
		};
		4BBA107F2AD65BD1001D09F0 /* InputField */ = {
			isa = PBXGroup;
			children = (
				4BBA10802AD65BE3001D09F0 /* SearchTextField.swift */,
				4BBA10992AD6A4DE001D09F0 /* MultilineTextField.swift */,
			);
			path = InputField;
			sourceTree = "<group>";
		};
		4BBA10822AD65CD9001D09F0 /* Card */ = {
			isa = PBXGroup;
			children = (
				4BBA10832AD65D36001D09F0 /* RecentNoteCard.swift */,
				4BBA10882AD66641001D09F0 /* FolderCard.swift */,
			);
			path = Card;
			sourceTree = "<group>";
		};
		4BBA10852AD65EA4001D09F0 /* Button */ = {
			isa = PBXGroup;
			children = (
				4BBA10862AD65EED001D09F0 /* ScaledButtonStyle.swift */,
			);
			path = Button;
			sourceTree = "<group>";
		};
		4BBA108A2AD6686B001D09F0 /* Sheet */ = {
			isa = PBXGroup;
			children = (
				4BBA108B2AD66887001D09F0 /* EmojiPicker.swift */,
			);
			path = Sheet;
			sourceTree = "<group>";
		};
		4BBA108D2AD67909001D09F0 /* Entities */ = {
			isa = PBXGroup;
			children = (
				4BBA108E2AD679C6001D09F0 /* Note.swift */,
				4B3913BB2ADE0E4A00ADE9BC /* ThemeColor.swift */,
				4B3913BD2ADE0EA100ADE9BC /* NoteContent.swift */,
				4B3913BF2ADE127C00ADE9BC /* Folder.swift */,
			);
			path = Entities;
			sourceTree = "<group>";
		};
		4BBA10922AD67F8B001D09F0 /* Note */ = {
			isa = PBXGroup;
			children = (
				4BBA10942AD67FA9001D09F0 /* View */,
				4BBA10932AD67FA0001D09F0 /* ViewModel */,
			);
			path = Note;
			sourceTree = "<group>";
		};
		4BBA10932AD67FA0001D09F0 /* ViewModel */ = {
			isa = PBXGroup;
			children = (
				4BBA10952AD67FBB001D09F0 /* NoteViewModel.swift */,
			);
			path = ViewModel;
			sourceTree = "<group>";
		};
		4BBA10942AD67FA9001D09F0 /* View */ = {
			isa = PBXGroup;
			children = (
				4BBA10972AD68003001D09F0 /* NoteView.swift */,
			);
			path = View;
			sourceTree = "<group>";
		};
		4BD12A5F2AD2BFC30086910F = {
			isa = PBXGroup;
			children = (
				4BD12A6A2AD2BFC30086910F /* MeMo */,
				4BD12A822AD2BFC40086910F /* MeMoTests */,
				4BD12A8C2AD2BFC40086910F /* MeMoUITests */,
				4BD12A692AD2BFC30086910F /* Products */,
			);
			sourceTree = "<group>";
		};
		4BD12A692AD2BFC30086910F /* Products */ = {
			isa = PBXGroup;
			children = (
				4BD12A682AD2BFC30086910F /* MeMo.app */,
				4BD12A7F2AD2BFC40086910F /* MeMoTests.xctest */,
				4BD12A892AD2BFC40086910F /* MeMoUITests.xctest */,
			);
			name = Products;
			sourceTree = "<group>";
		};
		4BD12A6A2AD2BFC30086910F /* MeMo */ = {
			isa = PBXGroup;
			children = (
				4BD12A9D2AD2C08A0086910F /* Feature */,
				4BD12A9C2AD2C0830086910F /* Common */,
				4BD12A792AD2BFC40086910F /* MeMo.entitlements */,
				4BD12A7A2AD2BFC40086910F /* Info.plist */,
				4BD12A712AD2BFC40086910F /* Preview Content */,
			);
			path = MeMo;
			sourceTree = "<group>";
		};
		4BD12A712AD2BFC40086910F /* Preview Content */ = {
			isa = PBXGroup;
			children = (
				4BD12A722AD2BFC40086910F /* Preview Assets.xcassets */,
			);
			path = "Preview Content";
			sourceTree = "<group>";
		};
		4BD12A822AD2BFC40086910F /* MeMoTests */ = {
			isa = PBXGroup;
			children = (
				4BD12A832AD2BFC40086910F /* MeMoTests.swift */,
			);
			path = MeMoTests;
			sourceTree = "<group>";
		};
		4BD12A8C2AD2BFC40086910F /* MeMoUITests */ = {
			isa = PBXGroup;
			children = (
				4BD12A8D2AD2BFC40086910F /* MeMoUITests.swift */,
				4BD12A8F2AD2BFC40086910F /* MeMoUITestsLaunchTests.swift */,
			);
			path = MeMoUITests;
			sourceTree = "<group>";
		};
		4BD12A9C2AD2C0830086910F /* Common */ = {
			isa = PBXGroup;
			children = (
				4BBA108D2AD67909001D09F0 /* Entities */,
				4BD12AC82AD2DFD40086910F /* Component */,
				4BD12AA52AD2C6880086910F /* Extension */,
				4BD12AA22AD2C1AB0086910F /* Navigator */,
				4BD12AA12AD2C17D0086910F /* LocalDB */,
				4BD12AA02AD2C0D00086910F /* Data */,
				4BD12AAD2AD2C8CB0086910F /* Localization */,
				4BD12A9F2AD2C0B10086910F /* Resources */,
			);
			path = Common;
			sourceTree = "<group>";
		};
		4BD12A9D2AD2C08A0086910F /* Feature */ = {
			isa = PBXGroup;
			children = (
				4B3913C12ADE150700ADE9BC /* Folder */,
				4BBA10922AD67F8B001D09F0 /* Note */,
				4BD12AC12AD2DCF30086910F /* Home */,
				4BD12A9E2AD2C0930086910F /* Main */,
			);
			path = Feature;
			sourceTree = "<group>";
		};
		4BD12A9E2AD2C0930086910F /* Main */ = {
			isa = PBXGroup;
			children = (
				4BD12A6D2AD2BFC30086910F /* ContentView.swift */,
				4BD12A6B2AD2BFC30086910F /* MeMoApp.swift */,
			);
			path = Main;
			sourceTree = "<group>";
		};
		4BD12A9F2AD2C0B10086910F /* Resources */ = {
			isa = PBXGroup;
			children = (
				4BD12ABC2AD2D4C20086910F /* Color */,
				4BD12AB22AD2D0650086910F /* Font */,
				4BD12AAC2AD2C7E00086910F /* Image */,
			);
			path = Resources;
			sourceTree = "<group>";
		};
		4BD12AA02AD2C0D00086910F /* Data */ = {
			isa = PBXGroup;
			children = (
			);
			path = Data;
			sourceTree = "<group>";
		};
		4BD12AA12AD2C17D0086910F /* LocalDB */ = {
			isa = PBXGroup;
			children = (
				4BD12A762AD2BFC40086910F /* MeMo.xcdatamodeld */,
				4BD12A742AD2BFC40086910F /* Persistence.swift */,
			);
			path = LocalDB;
			sourceTree = "<group>";
		};
		4BD12AA22AD2C1AB0086910F /* Navigator */ = {
			isa = PBXGroup;
			children = (
				4BD12AA32AD2C1D50086910F /* AppNavigator.swift */,
			);
			path = Navigator;
			sourceTree = "<group>";
		};
		4BD12AA52AD2C6880086910F /* Extension */ = {
			isa = PBXGroup;
			children = (
				4B3913CA2ADEA16700ADE9BC /* View */,
				4BBA10852AD65EA4001D09F0 /* Button */,
				4BD12AA92AD2C7250086910F /* Encodable */,
				4BD12AA62AD2C6910086910F /* Optional */,
			);
			path = Extension;
			sourceTree = "<group>";
		};
		4BD12AA62AD2C6910086910F /* Optional */ = {
			isa = PBXGroup;
			children = (
				4BD12AA72AD2C6D60086910F /* Optional+defaultValue.swift */,
			);
			path = Optional;
			sourceTree = "<group>";
		};
		4BD12AA92AD2C7250086910F /* Encodable */ = {
			isa = PBXGroup;
			children = (
				4BD12AAA2AD2C7370086910F /* Encodable+toJSON.swift */,
			);
			path = Encodable;
			sourceTree = "<group>";
		};
		4BD12AAC2AD2C7E00086910F /* Image */ = {
			isa = PBXGroup;
			children = (
				4BD12A6F2AD2BFC40086910F /* Assets.xcassets */,
				4BBA10902AD67D62001D09F0 /* Image+Default.swift */,
			);
			path = Image;
			sourceTree = "<group>";
		};
		4BD12AAD2AD2C8CB0086910F /* Localization */ = {
			isa = PBXGroup;
			children = (
				4BD12AAE2AD2CAB20086910F /* Localizable.xcstrings */,
				4BD12AB02AD2CC380086910F /* LocalizedText.swift */,
			);
			path = Localization;
			sourceTree = "<group>";
		};
		4BD12AB22AD2D0650086910F /* Font */ = {
			isa = PBXGroup;
			children = (
				4BD12AB62AD2D1BF0086910F /* Roboto-Bold.ttf */,
				4BD12AB42AD2D1BE0086910F /* Roboto-Medium.ttf */,
				4BD12AB52AD2D1BF0086910F /* Roboto-Regular.ttf */,
				4BD12ABA2AD2D2820086910F /* Font+Roboto.swift */,
				4B3913B92ADE007D00ADE9BC /* UIFont+Roboto.swift */,
			);
			path = Font;
			sourceTree = "<group>";
		};
		4BD12ABC2AD2D4C20086910F /* Color */ = {
			isa = PBXGroup;
			children = (
				4BD12ABD2AD2D5000086910F /* Color.xcassets */,
				4BD12ABF2AD2D8690086910F /* Color+Default.swift */,
			);
			path = Color;
			sourceTree = "<group>";
		};
		4BD12AC12AD2DCF30086910F /* Home */ = {
			isa = PBXGroup;
			children = (
				4BD12AC32AD2DCFC0086910F /* View */,
				4BD12AC22AD2DCF70086910F /* ViewModel */,
			);
			path = Home;
			sourceTree = "<group>";
		};
		4BD12AC22AD2DCF70086910F /* ViewModel */ = {
			isa = PBXGroup;
			children = (
				4BD12AC62AD2DD310086910F /* HomeViewModel.swift */,
			);
			path = ViewModel;
			sourceTree = "<group>";
		};
		4BD12AC32AD2DCFC0086910F /* View */ = {
			isa = PBXGroup;
			children = (
				4BD12AC42AD2DD0C0086910F /* HomeView.swift */,
			);
			path = View;
			sourceTree = "<group>";
		};
		4BD12AC82AD2DFD40086910F /* Component */ = {
			isa = PBXGroup;
			children = (
				4BBA108A2AD6686B001D09F0 /* Sheet */,
				4BBA10822AD65CD9001D09F0 /* Card */,
				4BBA107F2AD65BD1001D09F0 /* InputField */,
			);
			path = Component;
			sourceTree = "<group>";
		};
/* End PBXGroup section */

/* Begin PBXNativeTarget section */
		4BD12A672AD2BFC30086910F /* MeMo */ = {
			isa = PBXNativeTarget;
			buildConfigurationList = 4BD12A932AD2BFC40086910F /* Build configuration list for PBXNativeTarget "MeMo" */;
			buildPhases = (
				4BD12A642AD2BFC30086910F /* Sources */,
				4BD12A652AD2BFC30086910F /* Frameworks */,
				4BD12A662AD2BFC30086910F /* Resources */,
			);
			buildRules = (
			);
			dependencies = (
			);
			name = MeMo;
			productName = MeMo;
			productReference = 4BD12A682AD2BFC30086910F /* MeMo.app */;
			productType = "com.apple.product-type.application";
		};
		4BD12A7E2AD2BFC40086910F /* MeMoTests */ = {
			isa = PBXNativeTarget;
			buildConfigurationList = 4BD12A962AD2BFC40086910F /* Build configuration list for PBXNativeTarget "MeMoTests" */;
			buildPhases = (
				4BD12A7B2AD2BFC40086910F /* Sources */,
				4BD12A7C2AD2BFC40086910F /* Frameworks */,
				4BD12A7D2AD2BFC40086910F /* Resources */,
			);
			buildRules = (
			);
			dependencies = (
				4BD12A812AD2BFC40086910F /* PBXTargetDependency */,
			);
			name = MeMoTests;
			productName = MeMoTests;
			productReference = 4BD12A7F2AD2BFC40086910F /* MeMoTests.xctest */;
			productType = "com.apple.product-type.bundle.unit-test";
		};
		4BD12A882AD2BFC40086910F /* MeMoUITests */ = {
			isa = PBXNativeTarget;
			buildConfigurationList = 4BD12A992AD2BFC40086910F /* Build configuration list for PBXNativeTarget "MeMoUITests" */;
			buildPhases = (
				4BD12A852AD2BFC40086910F /* Sources */,
				4BD12A862AD2BFC40086910F /* Frameworks */,
				4BD12A872AD2BFC40086910F /* Resources */,
			);
			buildRules = (
			);
			dependencies = (
				4BD12A8B2AD2BFC40086910F /* PBXTargetDependency */,
			);
			name = MeMoUITests;
			productName = MeMoUITests;
			productReference = 4BD12A892AD2BFC40086910F /* MeMoUITests.xctest */;
			productType = "com.apple.product-type.bundle.ui-testing";
		};
/* End PBXNativeTarget section */

/* Begin PBXProject section */
		4BD12A602AD2BFC30086910F /* Project object */ = {
			isa = PBXProject;
			attributes = {
				BuildIndependentTargetsInParallel = 1;
				LastSwiftUpdateCheck = 1500;
				LastUpgradeCheck = 1500;
				TargetAttributes = {
					4BD12A672AD2BFC30086910F = {
						CreatedOnToolsVersion = 15.0;
					};
					4BD12A7E2AD2BFC40086910F = {
						CreatedOnToolsVersion = 15.0;
						TestTargetID = 4BD12A672AD2BFC30086910F;
					};
					4BD12A882AD2BFC40086910F = {
						CreatedOnToolsVersion = 15.0;
						TestTargetID = 4BD12A672AD2BFC30086910F;
					};
				};
			};
			buildConfigurationList = 4BD12A632AD2BFC30086910F /* Build configuration list for PBXProject "MeMo" */;
			compatibilityVersion = "Xcode 14.0";
			developmentRegion = en;
			hasScannedForEncodings = 0;
			knownRegions = (
				en,
				Base,
				id,
			);
			mainGroup = 4BD12A5F2AD2BFC30086910F;
			productRefGroup = 4BD12A692AD2BFC30086910F /* Products */;
			projectDirPath = "";
			projectRoot = "";
			targets = (
				4BD12A672AD2BFC30086910F /* MeMo */,
				4BD12A7E2AD2BFC40086910F /* MeMoTests */,
				4BD12A882AD2BFC40086910F /* MeMoUITests */,
			);
		};
/* End PBXProject section */

/* Begin PBXResourcesBuildPhase section */
		4BD12A662AD2BFC30086910F /* Resources */ = {
			isa = PBXResourcesBuildPhase;
			buildActionMask = 2147483647;
			files = (
				4BD12AB72AD2D1BF0086910F /* Roboto-Medium.ttf in Resources */,
				4BD12A732AD2BFC40086910F /* Preview Assets.xcassets in Resources */,
				4BD12AB92AD2D1BF0086910F /* Roboto-Bold.ttf in Resources */,
				4BD12AB82AD2D1BF0086910F /* Roboto-Regular.ttf in Resources */,
				4BD12ABE2AD2D5000086910F /* Color.xcassets in Resources */,
				4BD12A702AD2BFC40086910F /* Assets.xcassets in Resources */,
				4BD12AAF2AD2CAB20086910F /* Localizable.xcstrings in Resources */,
			);
			runOnlyForDeploymentPostprocessing = 0;
		};
		4BD12A7D2AD2BFC40086910F /* Resources */ = {
			isa = PBXResourcesBuildPhase;
			buildActionMask = 2147483647;
			files = (
			);
			runOnlyForDeploymentPostprocessing = 0;
		};
		4BD12A872AD2BFC40086910F /* Resources */ = {
			isa = PBXResourcesBuildPhase;
			buildActionMask = 2147483647;
			files = (
			);
			runOnlyForDeploymentPostprocessing = 0;
		};
/* End PBXResourcesBuildPhase section */

/* Begin PBXSourcesBuildPhase section */
		4BD12A642AD2BFC30086910F /* Sources */ = {
			isa = PBXSourcesBuildPhase;
			buildActionMask = 2147483647;
			files = (
				4BBA10962AD67FBB001D09F0 /* NoteViewModel.swift in Sources */,
				4BBA10842AD65D36001D09F0 /* RecentNoteCard.swift in Sources */,
				4BBA10892AD66641001D09F0 /* FolderCard.swift in Sources */,
				4B3913BE2ADE0EA100ADE9BC /* NoteContent.swift in Sources */,
				4BD12ABB2AD2D2820086910F /* Font+Roboto.swift in Sources */,
				4B3913C02ADE127C00ADE9BC /* Folder.swift in Sources */,
				4BD12A752AD2BFC40086910F /* Persistence.swift in Sources */,
				4B3913BC2ADE0E4A00ADE9BC /* ThemeColor.swift in Sources */,
				4BBA10982AD68003001D09F0 /* NoteView.swift in Sources */,
				4BD12A6E2AD2BFC30086910F /* ContentView.swift in Sources */,
				4BBA108F2AD679C6001D09F0 /* Note.swift in Sources */,
				4BD12AB12AD2CC380086910F /* LocalizedText.swift in Sources */,
				4BD12A6C2AD2BFC30086910F /* MeMoApp.swift in Sources */,
				4BD12AC52AD2DD0C0086910F /* HomeView.swift in Sources */,
				4BD12AA42AD2C1D50086910F /* AppNavigator.swift in Sources */,
				4B3913C52ADE154000ADE9BC /* FolderViewModel.swift in Sources */,
				4BD12AC72AD2DD310086910F /* HomeViewModel.swift in Sources */,
				4BD12A782AD2BFC40086910F /* MeMo.xcdatamodeld in Sources */,
				4BBA10912AD67D62001D09F0 /* Image+Default.swift in Sources */,
				4B3913CC2ADEA17600ADE9BC /* View+isHidden.swift in Sources */,
				4BBA10872AD65EED001D09F0 /* ScaledButtonStyle.swift in Sources */,
				4BD12AC02AD2D8690086910F /* Color+Default.swift in Sources */,
				4BD12AA82AD2C6D60086910F /* Optional+defaultValue.swift in Sources */,
				4B3913C72ADE155C00ADE9BC /* FolderView.swift in Sources */,
				4BD12AAB2AD2C7370086910F /* Encodable+toJSON.swift in Sources */,
				4BBA10812AD65BE3001D09F0 /* SearchTextField.swift in Sources */,
				4BBA108C2AD66887001D09F0 /* EmojiPicker.swift in Sources */,
				4BBA109A2AD6A4DE001D09F0 /* MultilineTextField.swift in Sources */,
				4B3913BA2ADE007D00ADE9BC /* UIFont+Roboto.swift in Sources */,
			);
			runOnlyForDeploymentPostprocessing = 0;
		};
		4BD12A7B2AD2BFC40086910F /* Sources */ = {
			isa = PBXSourcesBuildPhase;
			buildActionMask = 2147483647;
			files = (
				4BD12A842AD2BFC40086910F /* MeMoTests.swift in Sources */,
			);
			runOnlyForDeploymentPostprocessing = 0;
		};
		4BD12A852AD2BFC40086910F /* Sources */ = {
			isa = PBXSourcesBuildPhase;
			buildActionMask = 2147483647;
			files = (
				4BD12A902AD2BFC40086910F /* MeMoUITestsLaunchTests.swift in Sources */,
				4BD12A8E2AD2BFC40086910F /* MeMoUITests.swift in Sources */,
			);
			runOnlyForDeploymentPostprocessing = 0;
		};
/* End PBXSourcesBuildPhase section */

/* Begin PBXTargetDependency section */
		4BD12A812AD2BFC40086910F /* PBXTargetDependency */ = {
			isa = PBXTargetDependency;
			target = 4BD12A672AD2BFC30086910F /* MeMo */;
			targetProxy = 4BD12A802AD2BFC40086910F /* PBXContainerItemProxy */;
		};
		4BD12A8B2AD2BFC40086910F /* PBXTargetDependency */ = {
			isa = PBXTargetDependency;
			target = 4BD12A672AD2BFC30086910F /* MeMo */;
			targetProxy = 4BD12A8A2AD2BFC40086910F /* PBXContainerItemProxy */;
		};
/* End PBXTargetDependency section */

/* Begin XCBuildConfiguration section */
		4BD12A912AD2BFC40086910F /* Debug */ = {
			isa = XCBuildConfiguration;
			buildSettings = {
				ALWAYS_SEARCH_USER_PATHS = NO;
				ASSETCATALOG_COMPILER_GENERATE_SWIFT_ASSET_SYMBOL_EXTENSIONS = YES;
				CLANG_ANALYZER_NONNULL = YES;
				CLANG_ANALYZER_NUMBER_OBJECT_CONVERSION = YES_AGGRESSIVE;
				CLANG_CXX_LANGUAGE_STANDARD = "gnu++20";
				CLANG_ENABLE_MODULES = YES;
				CLANG_ENABLE_OBJC_ARC = YES;
				CLANG_ENABLE_OBJC_WEAK = YES;
				CLANG_WARN_BLOCK_CAPTURE_AUTORELEASING = YES;
				CLANG_WARN_BOOL_CONVERSION = YES;
				CLANG_WARN_COMMA = YES;
				CLANG_WARN_CONSTANT_CONVERSION = YES;
				CLANG_WARN_DEPRECATED_OBJC_IMPLEMENTATIONS = YES;
				CLANG_WARN_DIRECT_OBJC_ISA_USAGE = YES_ERROR;
				CLANG_WARN_DOCUMENTATION_COMMENTS = YES;
				CLANG_WARN_EMPTY_BODY = YES;
				CLANG_WARN_ENUM_CONVERSION = YES;
				CLANG_WARN_INFINITE_RECURSION = YES;
				CLANG_WARN_INT_CONVERSION = YES;
				CLANG_WARN_NON_LITERAL_NULL_CONVERSION = YES;
				CLANG_WARN_OBJC_IMPLICIT_RETAIN_SELF = YES;
				CLANG_WARN_OBJC_LITERAL_CONVERSION = YES;
				CLANG_WARN_OBJC_ROOT_CLASS = YES_ERROR;
				CLANG_WARN_QUOTED_INCLUDE_IN_FRAMEWORK_HEADER = YES;
				CLANG_WARN_RANGE_LOOP_ANALYSIS = YES;
				CLANG_WARN_STRICT_PROTOTYPES = YES;
				CLANG_WARN_SUSPICIOUS_MOVE = YES;
				CLANG_WARN_UNGUARDED_AVAILABILITY = YES_AGGRESSIVE;
				CLANG_WARN_UNREACHABLE_CODE = YES;
				CLANG_WARN__DUPLICATE_METHOD_MATCH = YES;
				COPY_PHASE_STRIP = NO;
				DEBUG_INFORMATION_FORMAT = dwarf;
				ENABLE_STRICT_OBJC_MSGSEND = YES;
				ENABLE_TESTABILITY = YES;
				ENABLE_USER_SCRIPT_SANDBOXING = YES;
				GCC_C_LANGUAGE_STANDARD = gnu17;
				GCC_DYNAMIC_NO_PIC = NO;
				GCC_NO_COMMON_BLOCKS = YES;
				GCC_OPTIMIZATION_LEVEL = 0;
				GCC_PREPROCESSOR_DEFINITIONS = (
					"DEBUG=1",
					"$(inherited)",
				);
				GCC_WARN_64_TO_32_BIT_CONVERSION = YES;
				GCC_WARN_ABOUT_RETURN_TYPE = YES_ERROR;
				GCC_WARN_UNDECLARED_SELECTOR = YES;
				GCC_WARN_UNINITIALIZED_AUTOS = YES_AGGRESSIVE;
				GCC_WARN_UNUSED_FUNCTION = YES;
				GCC_WARN_UNUSED_VARIABLE = YES;
				IPHONEOS_DEPLOYMENT_TARGET = 16.0;
				LOCALIZATION_PREFERS_STRING_CATALOGS = YES;
				MTL_ENABLE_DEBUG_INFO = INCLUDE_SOURCE;
				MTL_FAST_MATH = YES;
				ONLY_ACTIVE_ARCH = YES;
				SDKROOT = iphoneos;
				SWIFT_ACTIVE_COMPILATION_CONDITIONS = "DEBUG $(inherited)";
				SWIFT_OPTIMIZATION_LEVEL = "-Onone";
			};
			name = Debug;
		};
		4BD12A922AD2BFC40086910F /* Release */ = {
			isa = XCBuildConfiguration;
			buildSettings = {
				ALWAYS_SEARCH_USER_PATHS = NO;
				ASSETCATALOG_COMPILER_GENERATE_SWIFT_ASSET_SYMBOL_EXTENSIONS = YES;
				CLANG_ANALYZER_NONNULL = YES;
				CLANG_ANALYZER_NUMBER_OBJECT_CONVERSION = YES_AGGRESSIVE;
				CLANG_CXX_LANGUAGE_STANDARD = "gnu++20";
				CLANG_ENABLE_MODULES = YES;
				CLANG_ENABLE_OBJC_ARC = YES;
				CLANG_ENABLE_OBJC_WEAK = YES;
				CLANG_WARN_BLOCK_CAPTURE_AUTORELEASING = YES;
				CLANG_WARN_BOOL_CONVERSION = YES;
				CLANG_WARN_COMMA = YES;
				CLANG_WARN_CONSTANT_CONVERSION = YES;
				CLANG_WARN_DEPRECATED_OBJC_IMPLEMENTATIONS = YES;
				CLANG_WARN_DIRECT_OBJC_ISA_USAGE = YES_ERROR;
				CLANG_WARN_DOCUMENTATION_COMMENTS = YES;
				CLANG_WARN_EMPTY_BODY = YES;
				CLANG_WARN_ENUM_CONVERSION = YES;
				CLANG_WARN_INFINITE_RECURSION = YES;
				CLANG_WARN_INT_CONVERSION = YES;
				CLANG_WARN_NON_LITERAL_NULL_CONVERSION = YES;
				CLANG_WARN_OBJC_IMPLICIT_RETAIN_SELF = YES;
				CLANG_WARN_OBJC_LITERAL_CONVERSION = YES;
				CLANG_WARN_OBJC_ROOT_CLASS = YES_ERROR;
				CLANG_WARN_QUOTED_INCLUDE_IN_FRAMEWORK_HEADER = YES;
				CLANG_WARN_RANGE_LOOP_ANALYSIS = YES;
				CLANG_WARN_STRICT_PROTOTYPES = YES;
				CLANG_WARN_SUSPICIOUS_MOVE = YES;
				CLANG_WARN_UNGUARDED_AVAILABILITY = YES_AGGRESSIVE;
				CLANG_WARN_UNREACHABLE_CODE = YES;
				CLANG_WARN__DUPLICATE_METHOD_MATCH = YES;
				COPY_PHASE_STRIP = NO;
				DEBUG_INFORMATION_FORMAT = "dwarf-with-dsym";
				ENABLE_NS_ASSERTIONS = NO;
				ENABLE_STRICT_OBJC_MSGSEND = YES;
				ENABLE_USER_SCRIPT_SANDBOXING = YES;
				GCC_C_LANGUAGE_STANDARD = gnu17;
				GCC_NO_COMMON_BLOCKS = YES;
				GCC_WARN_64_TO_32_BIT_CONVERSION = YES;
				GCC_WARN_ABOUT_RETURN_TYPE = YES_ERROR;
				GCC_WARN_UNDECLARED_SELECTOR = YES;
				GCC_WARN_UNINITIALIZED_AUTOS = YES_AGGRESSIVE;
				GCC_WARN_UNUSED_FUNCTION = YES;
				GCC_WARN_UNUSED_VARIABLE = YES;
				IPHONEOS_DEPLOYMENT_TARGET = 16.0;
				LOCALIZATION_PREFERS_STRING_CATALOGS = YES;
				MTL_ENABLE_DEBUG_INFO = NO;
				MTL_FAST_MATH = YES;
				SDKROOT = iphoneos;
				SWIFT_COMPILATION_MODE = wholemodule;
				VALIDATE_PRODUCT = YES;
			};
			name = Release;
		};
		4BD12A942AD2BFC40086910F /* Debug */ = {
			isa = XCBuildConfiguration;
			buildSettings = {
				ASSETCATALOG_COMPILER_APPICON_NAME = AppIcon;
				ASSETCATALOG_COMPILER_GLOBAL_ACCENT_COLOR_NAME = AccentColor;
				CODE_SIGN_ENTITLEMENTS = MeMo/MeMo.entitlements;
				CODE_SIGN_STYLE = Automatic;
				CURRENT_PROJECT_VERSION = 1;
				DEVELOPMENT_ASSET_PATHS = "\"MeMo/Preview Content\"";
				DEVELOPMENT_TEAM = S3Z84JBVGM;
				ENABLE_PREVIEWS = YES;
				GENERATE_INFOPLIST_FILE = YES;
				INFOPLIST_FILE = MeMo/Info.plist;
				INFOPLIST_KEY_CFBundleDisplayName = MeMo;
				INFOPLIST_KEY_LSApplicationCategoryType = "public.app-category.productivity";
				INFOPLIST_KEY_UIApplicationSceneManifest_Generation = YES;
				INFOPLIST_KEY_UIApplicationSupportsIndirectInputEvents = YES;
				INFOPLIST_KEY_UILaunchScreen_Generation = YES;
				INFOPLIST_KEY_UIStatusBarStyle = UIStatusBarStyleLightContent;
				INFOPLIST_KEY_UISupportedInterfaceOrientations_iPad = "UIInterfaceOrientationPortrait UIInterfaceOrientationPortraitUpsideDown UIInterfaceOrientationLandscapeLeft UIInterfaceOrientationLandscapeRight";
				INFOPLIST_KEY_UISupportedInterfaceOrientations_iPhone = "UIInterfaceOrientationPortrait UIInterfaceOrientationLandscapeLeft UIInterfaceOrientationLandscapeRight";
				INFOPLIST_KEY_UIUserInterfaceStyle = Light;
				IPHONEOS_DEPLOYMENT_TARGET = 16.0;
				LD_RUNPATH_SEARCH_PATHS = (
					"$(inherited)",
					"@executable_path/Frameworks",
				);
				MARKETING_VERSION = 1.0;
				PRODUCT_BUNDLE_IDENTIFIER = com.irhamnaufal8.MeMo;
				PRODUCT_NAME = "$(TARGET_NAME)";
				SWIFT_EMIT_LOC_STRINGS = YES;
				SWIFT_VERSION = 5.0;
				TARGETED_DEVICE_FAMILY = "1,2";
			};
			name = Debug;
		};
		4BD12A952AD2BFC40086910F /* Release */ = {
			isa = XCBuildConfiguration;
			buildSettings = {
				ASSETCATALOG_COMPILER_APPICON_NAME = AppIcon;
				ASSETCATALOG_COMPILER_GLOBAL_ACCENT_COLOR_NAME = AccentColor;
				CODE_SIGN_ENTITLEMENTS = MeMo/MeMo.entitlements;
				CODE_SIGN_STYLE = Automatic;
				CURRENT_PROJECT_VERSION = 1;
				DEVELOPMENT_ASSET_PATHS = "\"MeMo/Preview Content\"";
				DEVELOPMENT_TEAM = S3Z84JBVGM;
				ENABLE_PREVIEWS = YES;
				GENERATE_INFOPLIST_FILE = YES;
				INFOPLIST_FILE = MeMo/Info.plist;
				INFOPLIST_KEY_CFBundleDisplayName = MeMo;
				INFOPLIST_KEY_LSApplicationCategoryType = "public.app-category.productivity";
				INFOPLIST_KEY_UIApplicationSceneManifest_Generation = YES;
				INFOPLIST_KEY_UIApplicationSupportsIndirectInputEvents = YES;
				INFOPLIST_KEY_UILaunchScreen_Generation = YES;
				INFOPLIST_KEY_UIStatusBarStyle = UIStatusBarStyleLightContent;
				INFOPLIST_KEY_UISupportedInterfaceOrientations_iPad = "UIInterfaceOrientationPortrait UIInterfaceOrientationPortraitUpsideDown UIInterfaceOrientationLandscapeLeft UIInterfaceOrientationLandscapeRight";
				INFOPLIST_KEY_UISupportedInterfaceOrientations_iPhone = "UIInterfaceOrientationPortrait UIInterfaceOrientationLandscapeLeft UIInterfaceOrientationLandscapeRight";
				INFOPLIST_KEY_UIUserInterfaceStyle = Light;
				IPHONEOS_DEPLOYMENT_TARGET = 16.0;
				LD_RUNPATH_SEARCH_PATHS = (
					"$(inherited)",
					"@executable_path/Frameworks",
				);
				MARKETING_VERSION = 1.0;
				PRODUCT_BUNDLE_IDENTIFIER = com.irhamnaufal8.MeMo;
				PRODUCT_NAME = "$(TARGET_NAME)";
				SWIFT_EMIT_LOC_STRINGS = YES;
				SWIFT_VERSION = 5.0;
				TARGETED_DEVICE_FAMILY = "1,2";
			};
			name = Release;
		};
		4BD12A972AD2BFC40086910F /* Debug */ = {
			isa = XCBuildConfiguration;
			buildSettings = {
				ALWAYS_EMBED_SWIFT_STANDARD_LIBRARIES = YES;
				BUNDLE_LOADER = "$(TEST_HOST)";
				CODE_SIGN_STYLE = Automatic;
				CURRENT_PROJECT_VERSION = 1;
				DEVELOPMENT_TEAM = 39B633LG23;
				GENERATE_INFOPLIST_FILE = YES;
				IPHONEOS_DEPLOYMENT_TARGET = 17.0;
				MARKETING_VERSION = 1.0;
				PRODUCT_BUNDLE_IDENTIFIER = com.irhamnaufal8.MeMoTests;
				PRODUCT_NAME = "$(TARGET_NAME)";
				SWIFT_EMIT_LOC_STRINGS = NO;
				SWIFT_VERSION = 5.0;
				TARGETED_DEVICE_FAMILY = "1,2";
				TEST_HOST = "$(BUILT_PRODUCTS_DIR)/MeMo.app/$(BUNDLE_EXECUTABLE_FOLDER_PATH)/MeMo";
			};
			name = Debug;
		};
		4BD12A982AD2BFC40086910F /* Release */ = {
			isa = XCBuildConfiguration;
			buildSettings = {
				ALWAYS_EMBED_SWIFT_STANDARD_LIBRARIES = YES;
				BUNDLE_LOADER = "$(TEST_HOST)";
				CODE_SIGN_STYLE = Automatic;
				CURRENT_PROJECT_VERSION = 1;
				DEVELOPMENT_TEAM = 39B633LG23;
				GENERATE_INFOPLIST_FILE = YES;
				IPHONEOS_DEPLOYMENT_TARGET = 17.0;
				MARKETING_VERSION = 1.0;
				PRODUCT_BUNDLE_IDENTIFIER = com.irhamnaufal8.MeMoTests;
				PRODUCT_NAME = "$(TARGET_NAME)";
				SWIFT_EMIT_LOC_STRINGS = NO;
				SWIFT_VERSION = 5.0;
				TARGETED_DEVICE_FAMILY = "1,2";
				TEST_HOST = "$(BUILT_PRODUCTS_DIR)/MeMo.app/$(BUNDLE_EXECUTABLE_FOLDER_PATH)/MeMo";
			};
			name = Release;
		};
		4BD12A9A2AD2BFC40086910F /* Debug */ = {
			isa = XCBuildConfiguration;
			buildSettings = {
				ALWAYS_EMBED_SWIFT_STANDARD_LIBRARIES = YES;
				CODE_SIGN_STYLE = Automatic;
				CURRENT_PROJECT_VERSION = 1;
				DEVELOPMENT_TEAM = 39B633LG23;
				GENERATE_INFOPLIST_FILE = YES;
				MARKETING_VERSION = 1.0;
				PRODUCT_BUNDLE_IDENTIFIER = com.irhamnaufal8.MeMoUITests;
				PRODUCT_NAME = "$(TARGET_NAME)";
				SWIFT_EMIT_LOC_STRINGS = NO;
				SWIFT_VERSION = 5.0;
				TARGETED_DEVICE_FAMILY = "1,2";
				TEST_TARGET_NAME = MeMo;
			};
			name = Debug;
		};
		4BD12A9B2AD2BFC40086910F /* Release */ = {
			isa = XCBuildConfiguration;
			buildSettings = {
				ALWAYS_EMBED_SWIFT_STANDARD_LIBRARIES = YES;
				CODE_SIGN_STYLE = Automatic;
				CURRENT_PROJECT_VERSION = 1;
				DEVELOPMENT_TEAM = 39B633LG23;
				GENERATE_INFOPLIST_FILE = YES;
				MARKETING_VERSION = 1.0;
				PRODUCT_BUNDLE_IDENTIFIER = com.irhamnaufal8.MeMoUITests;
				PRODUCT_NAME = "$(TARGET_NAME)";
				SWIFT_EMIT_LOC_STRINGS = NO;
				SWIFT_VERSION = 5.0;
				TARGETED_DEVICE_FAMILY = "1,2";
				TEST_TARGET_NAME = MeMo;
			};
			name = Release;
		};
/* End XCBuildConfiguration section */

/* Begin XCConfigurationList section */
		4BD12A632AD2BFC30086910F /* Build configuration list for PBXProject "MeMo" */ = {
			isa = XCConfigurationList;
			buildConfigurations = (
				4BD12A912AD2BFC40086910F /* Debug */,
				4BD12A922AD2BFC40086910F /* Release */,
			);
			defaultConfigurationIsVisible = 0;
			defaultConfigurationName = Release;
		};
		4BD12A932AD2BFC40086910F /* Build configuration list for PBXNativeTarget "MeMo" */ = {
			isa = XCConfigurationList;
			buildConfigurations = (
				4BD12A942AD2BFC40086910F /* Debug */,
				4BD12A952AD2BFC40086910F /* Release */,
			);
			defaultConfigurationIsVisible = 0;
			defaultConfigurationName = Release;
		};
		4BD12A962AD2BFC40086910F /* Build configuration list for PBXNativeTarget "MeMoTests" */ = {
			isa = XCConfigurationList;
			buildConfigurations = (
				4BD12A972AD2BFC40086910F /* Debug */,
				4BD12A982AD2BFC40086910F /* Release */,
			);
			defaultConfigurationIsVisible = 0;
			defaultConfigurationName = Release;
		};
		4BD12A992AD2BFC40086910F /* Build configuration list for PBXNativeTarget "MeMoUITests" */ = {
			isa = XCConfigurationList;
			buildConfigurations = (
				4BD12A9A2AD2BFC40086910F /* Debug */,
				4BD12A9B2AD2BFC40086910F /* Release */,
			);
			defaultConfigurationIsVisible = 0;
			defaultConfigurationName = Release;
		};
/* End XCConfigurationList section */

/* Begin XCVersionGroup section */
		4BD12A762AD2BFC40086910F /* MeMo.xcdatamodeld */ = {
			isa = XCVersionGroup;
			children = (
				4BD12A772AD2BFC40086910F /* MeMo.xcdatamodel */,
			);
			currentVersion = 4BD12A772AD2BFC40086910F /* MeMo.xcdatamodel */;
			path = MeMo.xcdatamodeld;
			sourceTree = "<group>";
			versionGroupType = wrapper.xcdatamodel;
		};
/* End XCVersionGroup section */
	};
	rootObject = 4BD12A602AD2BFC30086910F /* Project object */;
}
